PODS:
  - JRTimer (0.0.5)
  - SDWebImage (4.0.0):
    - SDWebImage/Core (= 4.0.0)
  - SDWebImage/Core (4.0.0)
  - SnapKit (3.2.0)

DEPENDENCIES:
  - JRTimer
  - SDWebImage
  - SnapKit

SPEC CHECKSUMS:
  JRTimer: 5109bd367457594d289c304536eb021651629b66
  SDWebImage: 76a6348bdc74eb5a55dd08a091ef298e56b55e41
  SnapKit: 1ca44df72cfa543218d177cb8aab029d10d86ea7

PODFILE CHECKSUM: 00d9ba76458d1c24f8fcf71ab1e7653226fbc8c2

COCOAPODS: 1.2.0
