PODS:
  - JRTimer (0.0.7)
  - SDWebImage (4.1.2):
    - SDWebImage/Core (= 4.1.2)
  - SDWebImage/Core (4.1.2)
  - SnapKit (4.0.0)

DEPENDENCIES:
  - JRTimer
  - SDWebImage
  - SnapKit

SPEC CHECKSUMS:
  JRTimer: 06e0a7185cf9f528a8f08a144d7288dad6195232
  SDWebImage: cb6f9f266a9977741efcbc21e618e8be3734c774
  SnapKit: a42d492c16e80209130a3379f73596c3454b7694

PODFILE CHECKSUM: 70e13a145d01533edbae925f192eb836141a2b45

COCOAPODS: 1.2.1
